{
  "name": "@autentique/mcp",
  "version": "0.1.3",
  "lockfileVersion": 3,
  "requires": true,
  "packages": {
    "": {
      "name": "@autentique/mcp",
      "version": "0.1.3",
      "license": "MIT",
      "bin": {
        "autentique-mcp": "src/index.js"
      },
      "engines": {
        "node": ">=20"
      }
    }
  }
}
